<?xml version="1.0" encoding="UTF-8" standalone="yes" ?>
<CodeBlocks_project_file>
	<FileVersion major="1" minor="6" />
	<Project>
		<Option title="Dictionary" />
		<Option pch_mode="2" />
		<Option compiler="gcc" />
		<Build>
			<Target title="Debug">
				<Option output="bin/Debug/Dictionary" prefix_auto="1" extension_auto="1" />
				<Option object_output="obj/Debug/" />
				<Option type="1" />
				<Option compiler="gcc" />
				<Compiler>
					<Add option="-g" />
				</Compiler>
				<Linker>
					<Add library="sfml-graphics-s-d" />
					<Add library="sfml-window-s-d" />
					<Add library="sfml-audio-s-d" />
					<Add library="sfml-system-s-d" />
					<Add library="opengl32" />
					<Add library="freetype" />
					<Add library="winmm" />
					<Add library="gdi32" />
					<Add library="flac" />
					<Add library="vorbisenc" />
					<Add library="vorbisfile" />
					<Add library="vorbis" />
					<Add library="ogg" />
				</Linker>
			</Target>
			<Target title="Release">
				<Option output="bin/Release/Dictionary" prefix_auto="1" extension_auto="1" />
				<Option object_output="obj/Release/" />
				<Option type="1" />
				<Option compiler="gcc" />
				<Compiler>
					<Add option="-O2" />
					<Add option="-DSFML_STATIC" />
					<Add directory="C:/Users/suyun/Downloads/SFML-2.5.1/include" />
				</Compiler>
				<Linker>
					<Add option="-s" />
					<Add library="sfml-graphics-s" />
					<Add library="sfml-window-s" />
					<Add library="sfml-audio-s" />
					<Add library="sfml-system-s" />
					<Add library="opengl32" />
					<Add library="freetype" />
					<Add library="winmm" />
					<Add library="gdi32" />
					<Add library="flac" />
					<Add library="vorbisenc" />
					<Add library="vorbisfile" />
					<Add library="vorbis" />
					<Add library="ogg" />
					<Add directory="C:/Users/suyun/Downloads/SFML-2.5.1/lib" />
					<Add directory="Image" />
					<Add directory="Font" />
					<Add directory="SFML Elements" />
				</Linker>
			</Target>
		</Build>
		<Compiler>
			<Add option="-Wall" />
			<Add option="-fexceptions" />
			<Add option="-DSFML_STATIC" />
			<Add directory="C:/Users/suyun/Downloads/SFML-2.5.1/include" />
		</Compiler>
		<Linker>
			<Add directory="C:/Users/suyun/Downloads/SFML-2.5.1/lib" />
			<Add directory="Header" />
			<Add directory="SFML Elements" />
			<Add directory="Font" />
			<Add directory="Image" />
		</Linker>
		<Unit filename="Header/AddScreen.cpp" />
		<Unit filename="Header/AddScreen.hpp" />
		<Unit filename="Header/FavouriteList.cpp" />
		<Unit filename="Header/FavouriteList.hpp" />
		<Unit filename="Header/FavouriteScreen.cpp" />
		<Unit filename="Header/FavouriteScreen.hpp" />
		<Unit filename="Header/History.cpp" />
		<Unit filename="Header/History.hpp" />
		<Unit filename="Header/HistoryScreen.cpp" />
		<Unit filename="Header/HistoryScreen.hpp" />
		<Unit filename="Header/HomeScreen.cpp" />
		<Unit filename="Header/HomeScreen.hpp" />
		<Unit filename="Header/MainFunction.cpp" />
		<Unit filename="Header/MainFunction.hpp" />
		<Unit filename="Header/MenuSideBar.cpp" />
		<Unit filename="Header/MenuSideBar.hpp" />
		<Unit filename="Header/QuizScreen.cpp" />
		<Unit filename="Header/QuizScreen.hpp" />
		<Unit filename="Header/Random.cpp" />
		<Unit filename="Header/Random.hpp" />
		<Unit filename="Header/Screen.hpp" />
		<Unit filename="Header/SearchScreen.cpp" />
		<Unit filename="Header/SearchScreen.hpp" />
		<Unit filename="Header/SettingScreen.cpp" />
		<Unit filename="Header/SettingScreen.hpp" />
		<Unit filename="Header/TextField.cpp" />
		<Unit filename="Header/TextField.hpp" />
		<Unit filename="Header/Trie.cpp" />
		<Unit filename="Header/Trie.hpp" />
		<Unit filename="Header/ViewWordScreen.cpp" />
		<Unit filename="Header/ViewWordScreen.hpp" />
		<Unit filename="Header/cScreen.hpp" />
		<Unit filename="main.cpp" />
		<Extensions>
			<lib_finder disable_auto="1" />
		</Extensions>
	</Project>
</CodeBlocks_project_file>
